
Microsoft Visual Studio Solution File, Format Version 12.00
# Visual Studio 15
VisualStudioVersion = 15.0.26124.0
MinimumVisualStudioVersion = 15.0.26124.0
Project("{FAE04EC0-301F-11D3-BF4B-00C04F79EFBC}") = "ProAgil.Api", "ProAgil.Api\ProAgil.Api.csproj", "{6585C2DA-00D0-41BA-A005-423CD2760E48}"
EndProject
Project("{FAE04EC0-301F-11D3-BF4B-00C04F79EFBC}") = "ProAgil.Repositorio", "ProAgil.Repositorio\ProAgil.Repositorio.csproj", "{B630E02E-768D-483E-91FD-D24CA2627FBD}"
EndProject
Project("{FAE04EC0-301F-11D3-BF4B-00C04F79EFBC}") = "ProAgil.Dominio", "ProAgil.Dominio\ProAgil.Dominio.csproj", "{F7D6E50F-54D7-495B-9D21-9F19237A37A8}"
EndProject
Global
	GlobalSection(SolutionConfigurationPlatforms) = preSolution
		Debug|Any CPU = Debug|Any CPU
		Debug|x64 = Debug|x64
		Debug|x86 = Debug|x86
		Release|Any CPU = Release|Any CPU
		Release|x64 = Release|x64
		Release|x86 = Release|x86
	EndGlobalSection
	GlobalSection(SolutionProperties) = preSolution
		HideSolutionNode = FALSE
	EndGlobalSection
	GlobalSection(ProjectConfigurationPlatforms) = postSolution
		{6585C2DA-00D0-41BA-A005-423CD2760E48}.Debug|Any CPU.ActiveCfg = Debug|Any CPU
		{6585C2DA-00D0-41BA-A005-423CD2760E48}.Debug|Any CPU.Build.0 = Debug|Any CPU
		{6585C2DA-00D0-41BA-A005-423CD2760E48}.Debug|x64.ActiveCfg = Debug|Any CPU
		{6585C2DA-00D0-41BA-A005-423CD2760E48}.Debug|x64.Build.0 = Debug|Any CPU
		{6585C2DA-00D0-41BA-A005-423CD2760E48}.Debug|x86.ActiveCfg = Debug|Any CPU
		{6585C2DA-00D0-41BA-A005-423CD2760E48}.Debug|x86.Build.0 = Debug|Any CPU
		{6585C2DA-00D0-41BA-A005-423CD2760E48}.Release|Any CPU.ActiveCfg = Release|Any CPU
		{6585C2DA-00D0-41BA-A005-423CD2760E48}.Release|Any CPU.Build.0 = Release|Any CPU
		{6585C2DA-00D0-41BA-A005-423CD2760E48}.Release|x64.ActiveCfg = Release|Any CPU
		{6585C2DA-00D0-41BA-A005-423CD2760E48}.Release|x64.Build.0 = Release|Any CPU
		{6585C2DA-00D0-41BA-A005-423CD2760E48}.Release|x86.ActiveCfg = Release|Any CPU
		{6585C2DA-00D0-41BA-A005-423CD2760E48}.Release|x86.Build.0 = Release|Any CPU
		{B630E02E-768D-483E-91FD-D24CA2627FBD}.Debug|Any CPU.ActiveCfg = Debug|Any CPU
		{B630E02E-768D-483E-91FD-D24CA2627FBD}.Debug|Any CPU.Build.0 = Debug|Any CPU
		{B630E02E-768D-483E-91FD-D24CA2627FBD}.Debug|x64.ActiveCfg = Debug|Any CPU
		{B630E02E-768D-483E-91FD-D24CA2627FBD}.Debug|x64.Build.0 = Debug|Any CPU
		{B630E02E-768D-483E-91FD-D24CA2627FBD}.Debug|x86.ActiveCfg = Debug|Any CPU
		{B630E02E-768D-483E-91FD-D24CA2627FBD}.Debug|x86.Build.0 = Debug|Any CPU
		{B630E02E-768D-483E-91FD-D24CA2627FBD}.Release|Any CPU.ActiveCfg = Release|Any CPU
		{B630E02E-768D-483E-91FD-D24CA2627FBD}.Release|Any CPU.Build.0 = Release|Any CPU
		{B630E02E-768D-483E-91FD-D24CA2627FBD}.Release|x64.ActiveCfg = Release|Any CPU
		{B630E02E-768D-483E-91FD-D24CA2627FBD}.Release|x64.Build.0 = Release|Any CPU
		{B630E02E-768D-483E-91FD-D24CA2627FBD}.Release|x86.ActiveCfg = Release|Any CPU
		{B630E02E-768D-483E-91FD-D24CA2627FBD}.Release|x86.Build.0 = Release|Any CPU
		{F7D6E50F-54D7-495B-9D21-9F19237A37A8}.Debug|Any CPU.ActiveCfg = Debug|Any CPU
		{F7D6E50F-54D7-495B-9D21-9F19237A37A8}.Debug|Any CPU.Build.0 = Debug|Any CPU
		{F7D6E50F-54D7-495B-9D21-9F19237A37A8}.Debug|x64.ActiveCfg = Debug|Any CPU
		{F7D6E50F-54D7-495B-9D21-9F19237A37A8}.Debug|x64.Build.0 = Debug|Any CPU
		{F7D6E50F-54D7-495B-9D21-9F19237A37A8}.Debug|x86.ActiveCfg = Debug|Any CPU
		{F7D6E50F-54D7-495B-9D21-9F19237A37A8}.Debug|x86.Build.0 = Debug|Any CPU
		{F7D6E50F-54D7-495B-9D21-9F19237A37A8}.Release|Any CPU.ActiveCfg = Release|Any CPU
		{F7D6E50F-54D7-495B-9D21-9F19237A37A8}.Release|Any CPU.Build.0 = Release|Any CPU
		{F7D6E50F-54D7-495B-9D21-9F19237A37A8}.Release|x64.ActiveCfg = Release|Any CPU
		{F7D6E50F-54D7-495B-9D21-9F19237A37A8}.Release|x64.Build.0 = Release|Any CPU
		{F7D6E50F-54D7-495B-9D21-9F19237A37A8}.Release|x86.ActiveCfg = Release|Any CPU
		{F7D6E50F-54D7-495B-9D21-9F19237A37A8}.Release|x86.Build.0 = Release|Any CPU
	EndGlobalSection
EndGlobal
